// !$*UTF8*$!
{
	archiveVersion = 1;
	classes = {
	};
	objectVersion = 55;
	objects = {

/* Begin PBXBuildFile section */
		5F2255E728F5DCE000235599 /* TweetViewModel.swift in Sources */ = {isa = PBXBuildFile; fileRef = 5F2255E628F5DCE000235599 /* TweetViewModel.swift */; };
		94F5F1B97E788EF505C8FC45 /* Pods_TwitterTutorial.framework in Frameworks */ = {isa = PBXBuildFile; fileRef = 99B32D8AFB6054175FBE258D /* Pods_TwitterTutorial.framework */; };
		F4028E4428E5404C004E149F /* LoginViewController.swift in Sources */ = {isa = PBXBuildFile; fileRef = F4028E4328E5404C004E149F /* LoginViewController.swift */; };
		F4028E4628E5409E004E149F /* RegistrationViewController.swift in Sources */ = {isa = PBXBuildFile; fileRef = F4028E4528E5409E004E149F /* RegistrationViewController.swift */; };
		F40430DC28EBB25700C2AB6B /* Constants.swift in Sources */ = {isa = PBXBuildFile; fileRef = F40430DB28EBB25700C2AB6B /* Constants.swift */; };
		F40430DE28EBC68600C2AB6B /* AuthService.swift in Sources */ = {isa = PBXBuildFile; fileRef = F40430DD28EBC68600C2AB6B /* AuthService.swift */; };
		F410208C28ED3F3200ABED41 /* UploadTweetViewController.swift in Sources */ = {isa = PBXBuildFile; fileRef = F410208B28ED3F3200ABED41 /* UploadTweetViewController.swift */; };
		F4180EC228F24C9B00DB482B /* TweetCell.swift in Sources */ = {isa = PBXBuildFile; fileRef = F4180EC128F24C9B00DB482B /* TweetCell.swift */; };
		F41D28EC28F8CE7000C0EDA4 /* ProfileHeaderViewModel.swift in Sources */ = {isa = PBXBuildFile; fileRef = F41D28EB28F8CE7000C0EDA4 /* ProfileHeaderViewModel.swift */; };
		F42B423728E7B3EA008C5E6E /* GoogleService-Info.plist in Resources */ = {isa = PBXBuildFile; fileRef = F42B423628E7B3EA008C5E6E /* GoogleService-Info.plist */; };
		F43DD7C428F6601600E6EB1D /* ProfileHeader.swift in Sources */ = {isa = PBXBuildFile; fileRef = F43DD7C328F6601600E6EB1D /* ProfileHeader.swift */; };
		F454D89628F7AB85008DD38D /* ProfileFilterView.swift in Sources */ = {isa = PBXBuildFile; fileRef = F454D89528F7AB85008DD38D /* ProfileFilterView.swift */; };
		F454D89828F7AD55008DD38D /* ProfileFilterCell.swift in Sources */ = {isa = PBXBuildFile; fileRef = F454D89728F7AD55008DD38D /* ProfileFilterCell.swift */; };
		F465129D28E3C78100E1A510 /* AppDelegate.swift in Sources */ = {isa = PBXBuildFile; fileRef = F465129C28E3C78100E1A510 /* AppDelegate.swift */; };
		F465129F28E3C78100E1A510 /* SceneDelegate.swift in Sources */ = {isa = PBXBuildFile; fileRef = F465129E28E3C78100E1A510 /* SceneDelegate.swift */; };
		F46512A428E3C78100E1A510 /* Main.storyboard in Resources */ = {isa = PBXBuildFile; fileRef = F46512A228E3C78100E1A510 /* Main.storyboard */; };
		F46512A628E3C78200E1A510 /* Assets.xcassets in Resources */ = {isa = PBXBuildFile; fileRef = F46512A528E3C78200E1A510 /* Assets.xcassets */; };
		F46512A928E3C78200E1A510 /* LaunchScreen.storyboard in Resources */ = {isa = PBXBuildFile; fileRef = F46512A728E3C78200E1A510 /* LaunchScreen.storyboard */; };
		F46512B728E3C89100E1A510 /* MainTabController.swift in Sources */ = {isa = PBXBuildFile; fileRef = F46512B628E3C89100E1A510 /* MainTabController.swift */; };
		F46512BB28E3C9EE00E1A510 /* ExploreViewController.swift in Sources */ = {isa = PBXBuildFile; fileRef = F46512BA28E3C9EE00E1A510 /* ExploreViewController.swift */; };
		F46512BD28E3C9F700E1A510 /* NotificationViewController.swift in Sources */ = {isa = PBXBuildFile; fileRef = F46512BC28E3C9F700E1A510 /* NotificationViewController.swift */; };
		F46512BF28E3CA0300E1A510 /* ConversationViewController.swift in Sources */ = {isa = PBXBuildFile; fileRef = F46512BE28E3CA0300E1A510 /* ConversationViewController.swift */; };
		F46512C128E3CA6700E1A510 /* FeedViewController.swift in Sources */ = {isa = PBXBuildFile; fileRef = F46512C028E3CA6700E1A510 /* FeedViewController.swift */; };
		F479558C28E3FC7B004E6439 /* Extensions.swift in Sources */ = {isa = PBXBuildFile; fileRef = F479558B28E3FC7B004E6439 /* Extensions.swift */; };
		F49512C028ED1E8200B61E50 /* UserService.swift in Sources */ = {isa = PBXBuildFile; fileRef = F49512BF28ED1E8200B61E50 /* UserService.swift */; };
		F49512C228ED208800B61E50 /* TwitterUser.swift in Sources */ = {isa = PBXBuildFile; fileRef = F49512C128ED208800B61E50 /* TwitterUser.swift */; };
		F4971A1C28F0D47D008B2EB3 /* Tweet.swift in Sources */ = {isa = PBXBuildFile; fileRef = F4971A1B28F0D47D008B2EB3 /* Tweet.swift */; };
		F4C3918128F6598C00F5FC9E /* ProfileViewController.swift in Sources */ = {isa = PBXBuildFile; fileRef = F4C3918028F6598C00F5FC9E /* ProfileViewController.swift */; };
		F4D2B43B28EE47FB008123C6 /* CaptionTextView.swift in Sources */ = {isa = PBXBuildFile; fileRef = F4D2B43A28EE47FB008123C6 /* CaptionTextView.swift */; };
		F4D2B43D28EE6F49008123C6 /* TweetService.swift in Sources */ = {isa = PBXBuildFile; fileRef = F4D2B43C28EE6F49008123C6 /* TweetService.swift */; };
		F4F9135828E5A4270009965C /* Utilities.swift in Sources */ = {isa = PBXBuildFile; fileRef = F4F9135728E5A4270009965C /* Utilities.swift */; };
/* End PBXBuildFile section */

/* Begin PBXFileReference section */
		5F2255E628F5DCE000235599 /* TweetViewModel.swift */ = {isa = PBXFileReference; lastKnownFileType = sourcecode.swift; path = TweetViewModel.swift; sourceTree = "<group>"; };
		6C76FF9774364228573EB7F5 /* Pods-TwitterTutorial.release.xcconfig */ = {isa = PBXFileReference; includeInIndex = 1; lastKnownFileType = text.xcconfig; name = "Pods-TwitterTutorial.release.xcconfig"; path = "Target Support Files/Pods-TwitterTutorial/Pods-TwitterTutorial.release.xcconfig"; sourceTree = "<group>"; };
		99B32D8AFB6054175FBE258D /* Pods_TwitterTutorial.framework */ = {isa = PBXFileReference; explicitFileType = wrapper.framework; includeInIndex = 0; path = Pods_TwitterTutorial.framework; sourceTree = BUILT_PRODUCTS_DIR; };
		C7411EAB9F15FF8147E996DE /* Pods-TwitterTutorial.debug.xcconfig */ = {isa = PBXFileReference; includeInIndex = 1; lastKnownFileType = text.xcconfig; name = "Pods-TwitterTutorial.debug.xcconfig"; path = "Target Support Files/Pods-TwitterTutorial/Pods-TwitterTutorial.debug.xcconfig"; sourceTree = "<group>"; };
		F4028E4328E5404C004E149F /* LoginViewController.swift */ = {isa = PBXFileReference; lastKnownFileType = sourcecode.swift; path = LoginViewController.swift; sourceTree = "<group>"; };
		F4028E4528E5409E004E149F /* RegistrationViewController.swift */ = {isa = PBXFileReference; lastKnownFileType = sourcecode.swift; path = RegistrationViewController.swift; sourceTree = "<group>"; };
		F40430DB28EBB25700C2AB6B /* Constants.swift */ = {isa = PBXFileReference; lastKnownFileType = sourcecode.swift; path = Constants.swift; sourceTree = "<group>"; };
		F40430DD28EBC68600C2AB6B /* AuthService.swift */ = {isa = PBXFileReference; lastKnownFileType = sourcecode.swift; path = AuthService.swift; sourceTree = "<group>"; };
		F410208B28ED3F3200ABED41 /* UploadTweetViewController.swift */ = {isa = PBXFileReference; lastKnownFileType = sourcecode.swift; path = UploadTweetViewController.swift; sourceTree = "<group>"; };
		F4180EC128F24C9B00DB482B /* TweetCell.swift */ = {isa = PBXFileReference; lastKnownFileType = sourcecode.swift; path = TweetCell.swift; sourceTree = "<group>"; };
		F41D28EB28F8CE7000C0EDA4 /* ProfileHeaderViewModel.swift */ = {isa = PBXFileReference; lastKnownFileType = sourcecode.swift; path = ProfileHeaderViewModel.swift; sourceTree = "<group>"; };
		F42B423628E7B3EA008C5E6E /* GoogleService-Info.plist */ = {isa = PBXFileReference; lastKnownFileType = text.plist; path = "GoogleService-Info.plist"; sourceTree = SOURCE_ROOT; };
		F43DD7C328F6601600E6EB1D /* ProfileHeader.swift */ = {isa = PBXFileReference; lastKnownFileType = sourcecode.swift; path = ProfileHeader.swift; sourceTree = "<group>"; };
		F454D89528F7AB85008DD38D /* ProfileFilterView.swift */ = {isa = PBXFileReference; lastKnownFileType = sourcecode.swift; path = ProfileFilterView.swift; sourceTree = "<group>"; };
		F454D89728F7AD55008DD38D /* ProfileFilterCell.swift */ = {isa = PBXFileReference; lastKnownFileType = sourcecode.swift; path = ProfileFilterCell.swift; sourceTree = "<group>"; };
		F465129928E3C78100E1A510 /* TwitterTutorial.app */ = {isa = PBXFileReference; explicitFileType = wrapper.application; includeInIndex = 0; path = TwitterTutorial.app; sourceTree = BUILT_PRODUCTS_DIR; };
		F465129C28E3C78100E1A510 /* AppDelegate.swift */ = {isa = PBXFileReference; lastKnownFileType = sourcecode.swift; path = AppDelegate.swift; sourceTree = "<group>"; };
		F465129E28E3C78100E1A510 /* SceneDelegate.swift */ = {isa = PBXFileReference; lastKnownFileType = sourcecode.swift; path = SceneDelegate.swift; sourceTree = "<group>"; };
		F46512A328E3C78100E1A510 /* Base */ = {isa = PBXFileReference; lastKnownFileType = file.storyboard; name = Base; path = Base.lproj/Main.storyboard; sourceTree = "<group>"; };
		F46512A528E3C78200E1A510 /* Assets.xcassets */ = {isa = PBXFileReference; lastKnownFileType = folder.assetcatalog; path = Assets.xcassets; sourceTree = "<group>"; };
		F46512A828E3C78200E1A510 /* Base */ = {isa = PBXFileReference; lastKnownFileType = file.storyboard; name = Base; path = Base.lproj/LaunchScreen.storyboard; sourceTree = "<group>"; };
		F46512AA28E3C78200E1A510 /* Info.plist */ = {isa = PBXFileReference; lastKnownFileType = text.plist.xml; path = Info.plist; sourceTree = "<group>"; };
		F46512B628E3C89100E1A510 /* MainTabController.swift */ = {isa = PBXFileReference; lastKnownFileType = sourcecode.swift; path = MainTabController.swift; sourceTree = "<group>"; };
		F46512BA28E3C9EE00E1A510 /* ExploreViewController.swift */ = {isa = PBXFileReference; lastKnownFileType = sourcecode.swift; path = ExploreViewController.swift; sourceTree = "<group>"; };
		F46512BC28E3C9F700E1A510 /* NotificationViewController.swift */ = {isa = PBXFileReference; lastKnownFileType = sourcecode.swift; path = NotificationViewController.swift; sourceTree = "<group>"; };
		F46512BE28E3CA0300E1A510 /* ConversationViewController.swift */ = {isa = PBXFileReference; lastKnownFileType = sourcecode.swift; path = ConversationViewController.swift; sourceTree = "<group>"; };
		F46512C028E3CA6700E1A510 /* FeedViewController.swift */ = {isa = PBXFileReference; lastKnownFileType = sourcecode.swift; path = FeedViewController.swift; sourceTree = "<group>"; };
		F479558B28E3FC7B004E6439 /* Extensions.swift */ = {isa = PBXFileReference; lastKnownFileType = sourcecode.swift; path = Extensions.swift; sourceTree = "<group>"; };
		F49512BF28ED1E8200B61E50 /* UserService.swift */ = {isa = PBXFileReference; lastKnownFileType = sourcecode.swift; path = UserService.swift; sourceTree = "<group>"; };
		F49512C128ED208800B61E50 /* TwitterUser.swift */ = {isa = PBXFileReference; lastKnownFileType = sourcecode.swift; path = TwitterUser.swift; sourceTree = "<group>"; };
		F4971A1B28F0D47D008B2EB3 /* Tweet.swift */ = {isa = PBXFileReference; lastKnownFileType = sourcecode.swift; path = Tweet.swift; sourceTree = "<group>"; };
		F4C3918028F6598C00F5FC9E /* ProfileViewController.swift */ = {isa = PBXFileReference; lastKnownFileType = sourcecode.swift; path = ProfileViewController.swift; sourceTree = "<group>"; };
		F4D2B43A28EE47FB008123C6 /* CaptionTextView.swift */ = {isa = PBXFileReference; lastKnownFileType = sourcecode.swift; path = CaptionTextView.swift; sourceTree = "<group>"; };
		F4D2B43C28EE6F49008123C6 /* TweetService.swift */ = {isa = PBXFileReference; lastKnownFileType = sourcecode.swift; path = TweetService.swift; sourceTree = "<group>"; };
		F4F9135728E5A4270009965C /* Utilities.swift */ = {isa = PBXFileReference; lastKnownFileType = sourcecode.swift; path = Utilities.swift; sourceTree = "<group>"; };
/* End PBXFileReference section */

/* Begin PBXFrameworksBuildPhase section */
		F465129628E3C78100E1A510 /* Frameworks */ = {
			isa = PBXFrameworksBuildPhase;
			buildActionMask = 2147483647;
			files = (
				94F5F1B97E788EF505C8FC45 /* Pods_TwitterTutorial.framework in Frameworks */,
			);
			runOnlyForDeploymentPostprocessing = 0;
		};
/* End PBXFrameworksBuildPhase section */

/* Begin PBXGroup section */
		47B584D1D15758B8290E0195 /* Pods */ = {
			isa = PBXGroup;
			children = (
				C7411EAB9F15FF8147E996DE /* Pods-TwitterTutorial.debug.xcconfig */,
				6C76FF9774364228573EB7F5 /* Pods-TwitterTutorial.release.xcconfig */,
			);
			path = Pods;
			sourceTree = "<group>";
		};
		5F2255E528F5DCCE00235599 /* ViewModel */ = {
			isa = PBXGroup;
			children = (
				5F2255E628F5DCE000235599 /* TweetViewModel.swift */,
				F41D28EB28F8CE7000C0EDA4 /* ProfileHeaderViewModel.swift */,
			);
			path = ViewModel;
			sourceTree = "<group>";
		};
		72C09A2D3E2D7057E78778D2 /* Frameworks */ = {
			isa = PBXGroup;
			children = (
				99B32D8AFB6054175FBE258D /* Pods_TwitterTutorial.framework */,
			);
			name = Frameworks;
			sourceTree = "<group>";
		};
		F4028E4228E54034004E149F /* Authentication */ = {
			isa = PBXGroup;
			children = (
				F4028E4328E5404C004E149F /* LoginViewController.swift */,
				F4028E4528E5409E004E149F /* RegistrationViewController.swift */,
			);
			path = Authentication;
			sourceTree = "<group>";
		};
		F465129028E3C78100E1A510 = {
			isa = PBXGroup;
			children = (
				F465129B28E3C78100E1A510 /* TwitterTutorial */,
				F465129A28E3C78100E1A510 /* Products */,
				47B584D1D15758B8290E0195 /* Pods */,
				72C09A2D3E2D7057E78778D2 /* Frameworks */,
			);
			sourceTree = "<group>";
		};
		F465129A28E3C78100E1A510 /* Products */ = {
			isa = PBXGroup;
			children = (
				F465129928E3C78100E1A510 /* TwitterTutorial.app */,
			);
			name = Products;
			sourceTree = "<group>";
		};
		F465129B28E3C78100E1A510 /* TwitterTutorial */ = {
			isa = PBXGroup;
			children = (
				F46512B028E3C7DE00E1A510 /* Model */,
				F46512B128E3C7F300E1A510 /* View */,
				5F2255E528F5DCCE00235599 /* ViewModel */,
				F46512B328E3C7F900E1A510 /* Controller */,
				F46512B428E3C7FB00E1A510 /* API */,
				F46512B528E3C7FE00E1A510 /* Utils */,
				F465129C28E3C78100E1A510 /* AppDelegate.swift */,
				F465129E28E3C78100E1A510 /* SceneDelegate.swift */,
				F46512A228E3C78100E1A510 /* Main.storyboard */,
				F46512A528E3C78200E1A510 /* Assets.xcassets */,
				F46512A728E3C78200E1A510 /* LaunchScreen.storyboard */,
				F46512AA28E3C78200E1A510 /* Info.plist */,
				F42B423628E7B3EA008C5E6E /* GoogleService-Info.plist */,
			);
			path = TwitterTutorial;
			sourceTree = "<group>";
		};
		F46512B028E3C7DE00E1A510 /* Model */ = {
			isa = PBXGroup;
			children = (
				F49512C128ED208800B61E50 /* TwitterUser.swift */,
				F4971A1B28F0D47D008B2EB3 /* Tweet.swift */,
			);
			path = Model;
			sourceTree = "<group>";
		};
		F46512B128E3C7F300E1A510 /* View */ = {
			isa = PBXGroup;
			children = (
				F4D2B43A28EE47FB008123C6 /* CaptionTextView.swift */,
				F4180EC128F24C9B00DB482B /* TweetCell.swift */,
				F454D89728F7AD55008DD38D /* ProfileFilterCell.swift */,
				F43DD7C328F6601600E6EB1D /* ProfileHeader.swift */,
				F454D89528F7AB85008DD38D /* ProfileFilterView.swift */,
			);
			path = View;
			sourceTree = "<group>";
		};
		F46512B328E3C7F900E1A510 /* Controller */ = {
			isa = PBXGroup;
			children = (
				F4028E4228E54034004E149F /* Authentication */,
				F46512B628E3C89100E1A510 /* MainTabController.swift */,
				F46512BA28E3C9EE00E1A510 /* ExploreViewController.swift */,
				F46512BC28E3C9F700E1A510 /* NotificationViewController.swift */,
				F46512C028E3CA6700E1A510 /* FeedViewController.swift */,
				F46512BE28E3CA0300E1A510 /* ConversationViewController.swift */,
				F410208B28ED3F3200ABED41 /* UploadTweetViewController.swift */,
				F4C3918028F6598C00F5FC9E /* ProfileViewController.swift */,
			);
			path = Controller;
			sourceTree = "<group>";
		};
		F46512B428E3C7FB00E1A510 /* API */ = {
			isa = PBXGroup;
			children = (
				F40430DD28EBC68600C2AB6B /* AuthService.swift */,
				F49512BF28ED1E8200B61E50 /* UserService.swift */,
				F4D2B43C28EE6F49008123C6 /* TweetService.swift */,
			);
			path = API;
			sourceTree = "<group>";
		};
		F46512B528E3C7FE00E1A510 /* Utils */ = {
			isa = PBXGroup;
			children = (
				F479558B28E3FC7B004E6439 /* Extensions.swift */,
				F4F9135728E5A4270009965C /* Utilities.swift */,
				F40430DB28EBB25700C2AB6B /* Constants.swift */,
			);
			path = Utils;
			sourceTree = "<group>";
		};
/* End PBXGroup section */

/* Begin PBXNativeTarget section */
		F465129828E3C78100E1A510 /* TwitterTutorial */ = {
			isa = PBXNativeTarget;
			buildConfigurationList = F46512AD28E3C78200E1A510 /* Build configuration list for PBXNativeTarget "TwitterTutorial" */;
			buildPhases = (
				69F0E4DA9E1F1A77161DF6E0 /* [CP] Check Pods Manifest.lock */,
				F465129528E3C78100E1A510 /* Sources */,
				F465129628E3C78100E1A510 /* Frameworks */,
				F465129728E3C78100E1A510 /* Resources */,
				8CC87B06ACD3CD78196D12F7 /* [CP] Embed Pods Frameworks */,
			);
			buildRules = (
			);
			dependencies = (
			);
			name = TwitterTutorial;
			productName = TwitterTutorial;
			productReference = F465129928E3C78100E1A510 /* TwitterTutorial.app */;
			productType = "com.apple.product-type.application";
		};
/* End PBXNativeTarget section */

/* Begin PBXProject section */
		F465129128E3C78100E1A510 /* Project object */ = {
			isa = PBXProject;
			attributes = {
				BuildIndependentTargetsInParallel = 1;
				LastSwiftUpdateCheck = 1400;
				LastUpgradeCheck = 1400;
				TargetAttributes = {
					F465129828E3C78100E1A510 = {
						CreatedOnToolsVersion = 14.0.1;
					};
				};
			};
			buildConfigurationList = F465129428E3C78100E1A510 /* Build configuration list for PBXProject "TwitterTutorial" */;
			compatibilityVersion = "Xcode 13.0";
			developmentRegion = en;
			hasScannedForEncodings = 0;
			knownRegions = (
				en,
				Base,
			);
			mainGroup = F465129028E3C78100E1A510;
			productRefGroup = F465129A28E3C78100E1A510 /* Products */;
			projectDirPath = "";
			projectRoot = "";
			targets = (
				F465129828E3C78100E1A510 /* TwitterTutorial */,
			);
		};
/* End PBXProject section */

/* Begin PBXResourcesBuildPhase section */
		F465129728E3C78100E1A510 /* Resources */ = {
			isa = PBXResourcesBuildPhase;
			buildActionMask = 2147483647;
			files = (
				F46512A928E3C78200E1A510 /* LaunchScreen.storyboard in Resources */,
				F42B423728E7B3EA008C5E6E /* GoogleService-Info.plist in Resources */,
				F46512A628E3C78200E1A510 /* Assets.xcassets in Resources */,
				F46512A428E3C78100E1A510 /* Main.storyboard in Resources */,
			);
			runOnlyForDeploymentPostprocessing = 0;
		};
/* End PBXResourcesBuildPhase section */

/* Begin PBXShellScriptBuildPhase section */
		69F0E4DA9E1F1A77161DF6E0 /* [CP] Check Pods Manifest.lock */ = {
			isa = PBXShellScriptBuildPhase;
			buildActionMask = 2147483647;
			files = (
			);
			inputFileListPaths = (
			);
			inputPaths = (
				"${PODS_PODFILE_DIR_PATH}/Podfile.lock",
				"${PODS_ROOT}/Manifest.lock",
			);
			name = "[CP] Check Pods Manifest.lock";
			outputFileListPaths = (
			);
			outputPaths = (
				"$(DERIVED_FILE_DIR)/Pods-TwitterTutorial-checkManifestLockResult.txt",
			);
			runOnlyForDeploymentPostprocessing = 0;
			shellPath = /bin/sh;
			shellScript = "diff \"${PODS_PODFILE_DIR_PATH}/Podfile.lock\" \"${PODS_ROOT}/Manifest.lock\" > /dev/null\nif [ $? != 0 ] ; then\n    # print error to STDERR\n    echo \"error: The sandbox is not in sync with the Podfile.lock. Run 'pod install' or update your CocoaPods installation.\" >&2\n    exit 1\nfi\n# This output is used by Xcode 'outputs' to avoid re-running this script phase.\necho \"SUCCESS\" > \"${SCRIPT_OUTPUT_FILE_0}\"\n";
			showEnvVarsInLog = 0;
		};
		8CC87B06ACD3CD78196D12F7 /* [CP] Embed Pods Frameworks */ = {
			isa = PBXShellScriptBuildPhase;
			buildActionMask = 2147483647;
			files = (
			);
			inputFileListPaths = (
				"${PODS_ROOT}/Target Support Files/Pods-TwitterTutorial/Pods-TwitterTutorial-frameworks-${CONFIGURATION}-input-files.xcfilelist",
			);
			name = "[CP] Embed Pods Frameworks";
			outputFileListPaths = (
				"${PODS_ROOT}/Target Support Files/Pods-TwitterTutorial/Pods-TwitterTutorial-frameworks-${CONFIGURATION}-output-files.xcfilelist",
			);
			runOnlyForDeploymentPostprocessing = 0;
			shellPath = /bin/sh;
			shellScript = "\"${PODS_ROOT}/Target Support Files/Pods-TwitterTutorial/Pods-TwitterTutorial-frameworks.sh\"\n";
			showEnvVarsInLog = 0;
		};
/* End PBXShellScriptBuildPhase section */

/* Begin PBXSourcesBuildPhase section */
		F465129528E3C78100E1A510 /* Sources */ = {
			isa = PBXSourcesBuildPhase;
			buildActionMask = 2147483647;
			files = (
				F49512C028ED1E8200B61E50 /* UserService.swift in Sources */,
				F4028E4428E5404C004E149F /* LoginViewController.swift in Sources */,
				F4D2B43B28EE47FB008123C6 /* CaptionTextView.swift in Sources */,
				F454D89828F7AD55008DD38D /* ProfileFilterCell.swift in Sources */,
				F46512BF28E3CA0300E1A510 /* ConversationViewController.swift in Sources */,
				F4F9135828E5A4270009965C /* Utilities.swift in Sources */,
				F465129D28E3C78100E1A510 /* AppDelegate.swift in Sources */,
				F4C3918128F6598C00F5FC9E /* ProfileViewController.swift in Sources */,
				F49512C228ED208800B61E50 /* TwitterUser.swift in Sources */,
				F43DD7C428F6601600E6EB1D /* ProfileHeader.swift in Sources */,
				F4180EC228F24C9B00DB482B /* TweetCell.swift in Sources */,
				F465129F28E3C78100E1A510 /* SceneDelegate.swift in Sources */,
				F410208C28ED3F3200ABED41 /* UploadTweetViewController.swift in Sources */,
				F41D28EC28F8CE7000C0EDA4 /* ProfileHeaderViewModel.swift in Sources */,
				F4028E4628E5409E004E149F /* RegistrationViewController.swift in Sources */,
				F40430DE28EBC68600C2AB6B /* AuthService.swift in Sources */,
				F479558C28E3FC7B004E6439 /* Extensions.swift in Sources */,
				F46512BD28E3C9F700E1A510 /* NotificationViewController.swift in Sources */,
				F46512BB28E3C9EE00E1A510 /* ExploreViewController.swift in Sources */,
				5F2255E728F5DCE000235599 /* TweetViewModel.swift in Sources */,
				F46512B728E3C89100E1A510 /* MainTabController.swift in Sources */,
				F46512C128E3CA6700E1A510 /* FeedViewController.swift in Sources */,
				F454D89628F7AB85008DD38D /* ProfileFilterView.swift in Sources */,
				F40430DC28EBB25700C2AB6B /* Constants.swift in Sources */,
				F4971A1C28F0D47D008B2EB3 /* Tweet.swift in Sources */,
				F4D2B43D28EE6F49008123C6 /* TweetService.swift in Sources */,
			);
			runOnlyForDeploymentPostprocessing = 0;
		};
/* End PBXSourcesBuildPhase section */

/* Begin PBXVariantGroup section */
		F46512A228E3C78100E1A510 /* Main.storyboard */ = {
			isa = PBXVariantGroup;
			children = (
				F46512A328E3C78100E1A510 /* Base */,
			);
			name = Main.storyboard;
			sourceTree = "<group>";
		};
		F46512A728E3C78200E1A510 /* LaunchScreen.storyboard */ = {
			isa = PBXVariantGroup;
			children = (
				F46512A828E3C78200E1A510 /* Base */,
			);
			name = LaunchScreen.storyboard;
			sourceTree = "<group>";
		};
/* End PBXVariantGroup section */

/* Begin XCBuildConfiguration section */
		F46512AB28E3C78200E1A510 /* Debug */ = {
			isa = XCBuildConfiguration;
			buildSettings = {
				ALWAYS_SEARCH_USER_PATHS = NO;
				CLANG_ANALYZER_NONNULL = YES;
				CLANG_ANALYZER_NUMBER_OBJECT_CONVERSION = YES_AGGRESSIVE;
				CLANG_CXX_LANGUAGE_STANDARD = "gnu++20";
				CLANG_ENABLE_MODULES = YES;
				CLANG_ENABLE_OBJC_ARC = YES;
				CLANG_ENABLE_OBJC_WEAK = YES;
				CLANG_WARN_BLOCK_CAPTURE_AUTORELEASING = YES;
				CLANG_WARN_BOOL_CONVERSION = YES;
				CLANG_WARN_COMMA = YES;
				CLANG_WARN_CONSTANT_CONVERSION = YES;
				CLANG_WARN_DEPRECATED_OBJC_IMPLEMENTATIONS = YES;
				CLANG_WARN_DIRECT_OBJC_ISA_USAGE = YES_ERROR;
				CLANG_WARN_DOCUMENTATION_COMMENTS = YES;
				CLANG_WARN_EMPTY_BODY = YES;
				CLANG_WARN_ENUM_CONVERSION = YES;
				CLANG_WARN_INFINITE_RECURSION = YES;
				CLANG_WARN_INT_CONVERSION = YES;
				CLANG_WARN_NON_LITERAL_NULL_CONVERSION = YES;
				CLANG_WARN_OBJC_IMPLICIT_RETAIN_SELF = YES;
				CLANG_WARN_OBJC_LITERAL_CONVERSION = YES;
				CLANG_WARN_OBJC_ROOT_CLASS = YES_ERROR;
				CLANG_WARN_QUOTED_INCLUDE_IN_FRAMEWORK_HEADER = YES;
				CLANG_WARN_RANGE_LOOP_ANALYSIS = YES;
				CLANG_WARN_STRICT_PROTOTYPES = YES;
				CLANG_WARN_SUSPICIOUS_MOVE = YES;
				CLANG_WARN_UNGUARDED_AVAILABILITY = YES_AGGRESSIVE;
				CLANG_WARN_UNREACHABLE_CODE = YES;
				CLANG_WARN__DUPLICATE_METHOD_MATCH = YES;
				COPY_PHASE_STRIP = NO;
				DEBUG_INFORMATION_FORMAT = dwarf;
				ENABLE_STRICT_OBJC_MSGSEND = YES;
				ENABLE_TESTABILITY = YES;
				GCC_C_LANGUAGE_STANDARD = gnu11;
				GCC_DYNAMIC_NO_PIC = NO;
				GCC_NO_COMMON_BLOCKS = YES;
				GCC_OPTIMIZATION_LEVEL = 0;
				GCC_PREPROCESSOR_DEFINITIONS = (
					"DEBUG=1",
					"$(inherited)",
				);
				GCC_WARN_64_TO_32_BIT_CONVERSION = YES;
				GCC_WARN_ABOUT_RETURN_TYPE = YES_ERROR;
				GCC_WARN_UNDECLARED_SELECTOR = YES;
				GCC_WARN_UNINITIALIZED_AUTOS = YES_AGGRESSIVE;
				GCC_WARN_UNUSED_FUNCTION = YES;
				GCC_WARN_UNUSED_VARIABLE = YES;
				IPHONEOS_DEPLOYMENT_TARGET = 15.5;
				MTL_ENABLE_DEBUG_INFO = INCLUDE_SOURCE;
				MTL_FAST_MATH = YES;
				ONLY_ACTIVE_ARCH = YES;
				SDKROOT = iphoneos;
				SWIFT_ACTIVE_COMPILATION_CONDITIONS = DEBUG;
				SWIFT_OPTIMIZATION_LEVEL = "-Onone";
			};
			name = Debug;
		};
		F46512AC28E3C78200E1A510 /* Release */ = {
			isa = XCBuildConfiguration;
			buildSettings = {
				ALWAYS_SEARCH_USER_PATHS = NO;
				CLANG_ANALYZER_NONNULL = YES;
				CLANG_ANALYZER_NUMBER_OBJECT_CONVERSION = YES_AGGRESSIVE;
				CLANG_CXX_LANGUAGE_STANDARD = "gnu++20";
				CLANG_ENABLE_MODULES = YES;
				CLANG_ENABLE_OBJC_ARC = YES;
				CLANG_ENABLE_OBJC_WEAK = YES;
				CLANG_WARN_BLOCK_CAPTURE_AUTORELEASING = YES;
				CLANG_WARN_BOOL_CONVERSION = YES;
				CLANG_WARN_COMMA = YES;
				CLANG_WARN_CONSTANT_CONVERSION = YES;
				CLANG_WARN_DEPRECATED_OBJC_IMPLEMENTATIONS = YES;
				CLANG_WARN_DIRECT_OBJC_ISA_USAGE = YES_ERROR;
				CLANG_WARN_DOCUMENTATION_COMMENTS = YES;
				CLANG_WARN_EMPTY_BODY = YES;
				CLANG_WARN_ENUM_CONVERSION = YES;
				CLANG_WARN_INFINITE_RECURSION = YES;
				CLANG_WARN_INT_CONVERSION = YES;
				CLANG_WARN_NON_LITERAL_NULL_CONVERSION = YES;
				CLANG_WARN_OBJC_IMPLICIT_RETAIN_SELF = YES;
				CLANG_WARN_OBJC_LITERAL_CONVERSION = YES;
				CLANG_WARN_OBJC_ROOT_CLASS = YES_ERROR;
				CLANG_WARN_QUOTED_INCLUDE_IN_FRAMEWORK_HEADER = YES;
				CLANG_WARN_RANGE_LOOP_ANALYSIS = YES;
				CLANG_WARN_STRICT_PROTOTYPES = YES;
				CLANG_WARN_SUSPICIOUS_MOVE = YES;
				CLANG_WARN_UNGUARDED_AVAILABILITY = YES_AGGRESSIVE;
				CLANG_WARN_UNREACHABLE_CODE = YES;
				CLANG_WARN__DUPLICATE_METHOD_MATCH = YES;
				COPY_PHASE_STRIP = NO;
				DEBUG_INFORMATION_FORMAT = "dwarf-with-dsym";
				ENABLE_NS_ASSERTIONS = NO;
				ENABLE_STRICT_OBJC_MSGSEND = YES;
				GCC_C_LANGUAGE_STANDARD = gnu11;
				GCC_NO_COMMON_BLOCKS = YES;
				GCC_WARN_64_TO_32_BIT_CONVERSION = YES;
				GCC_WARN_ABOUT_RETURN_TYPE = YES_ERROR;
				GCC_WARN_UNDECLARED_SELECTOR = YES;
				GCC_WARN_UNINITIALIZED_AUTOS = YES_AGGRESSIVE;
				GCC_WARN_UNUSED_FUNCTION = YES;
				GCC_WARN_UNUSED_VARIABLE = YES;
				IPHONEOS_DEPLOYMENT_TARGET = 15.5;
				MTL_ENABLE_DEBUG_INFO = NO;
				MTL_FAST_MATH = YES;
				SDKROOT = iphoneos;
				SWIFT_COMPILATION_MODE = wholemodule;
				SWIFT_OPTIMIZATION_LEVEL = "-O";
				VALIDATE_PRODUCT = YES;
			};
			name = Release;
		};
		F46512AE28E3C78200E1A510 /* Debug */ = {
			isa = XCBuildConfiguration;
			baseConfigurationReference = C7411EAB9F15FF8147E996DE /* Pods-TwitterTutorial.debug.xcconfig */;
			buildSettings = {
				ASSETCATALOG_COMPILER_APPICON_NAME = AppIcon;
				ASSETCATALOG_COMPILER_GLOBAL_ACCENT_COLOR_NAME = AccentColor;
				CODE_SIGN_STYLE = Automatic;
				CURRENT_PROJECT_VERSION = 1;
				GENERATE_INFOPLIST_FILE = YES;
				INFOPLIST_FILE = TwitterTutorial/Info.plist;
				INFOPLIST_KEY_UIApplicationSupportsIndirectInputEvents = YES;
				INFOPLIST_KEY_UILaunchStoryboardName = LaunchScreen;
				INFOPLIST_KEY_UIMainStoryboardFile = Main;
				INFOPLIST_KEY_UISupportedInterfaceOrientations_iPad = "UIInterfaceOrientationPortrait UIInterfaceOrientationPortraitUpsideDown UIInterfaceOrientationLandscapeLeft UIInterfaceOrientationLandscapeRight";
				INFOPLIST_KEY_UISupportedInterfaceOrientations_iPhone = "UIInterfaceOrientationPortrait UIInterfaceOrientationLandscapeLeft UIInterfaceOrientationLandscapeRight";
				LD_RUNPATH_SEARCH_PATHS = (
					"$(inherited)",
					"@executable_path/Frameworks",
				);
				MARKETING_VERSION = 1.0;
				PRODUCT_BUNDLE_IDENTIFIER = me.yeojoy.ios.TwitterTutorial;
				PRODUCT_NAME = "$(TARGET_NAME)";
				SWIFT_EMIT_LOC_STRINGS = YES;
				SWIFT_VERSION = 5.0;
				TARGETED_DEVICE_FAMILY = "1,2";
			};
			name = Debug;
		};
		F46512AF28E3C78200E1A510 /* Release */ = {
			isa = XCBuildConfiguration;
			baseConfigurationReference = 6C76FF9774364228573EB7F5 /* Pods-TwitterTutorial.release.xcconfig */;
			buildSettings = {
				ASSETCATALOG_COMPILER_APPICON_NAME = AppIcon;
				ASSETCATALOG_COMPILER_GLOBAL_ACCENT_COLOR_NAME = AccentColor;
				CODE_SIGN_STYLE = Automatic;
				CURRENT_PROJECT_VERSION = 1;
				GENERATE_INFOPLIST_FILE = YES;
				INFOPLIST_FILE = TwitterTutorial/Info.plist;
				INFOPLIST_KEY_UIApplicationSupportsIndirectInputEvents = YES;
				INFOPLIST_KEY_UILaunchStoryboardName = LaunchScreen;
				INFOPLIST_KEY_UIMainStoryboardFile = Main;
				INFOPLIST_KEY_UISupportedInterfaceOrientations_iPad = "UIInterfaceOrientationPortrait UIInterfaceOrientationPortraitUpsideDown UIInterfaceOrientationLandscapeLeft UIInterfaceOrientationLandscapeRight";
				INFOPLIST_KEY_UISupportedInterfaceOrientations_iPhone = "UIInterfaceOrientationPortrait UIInterfaceOrientationLandscapeLeft UIInterfaceOrientationLandscapeRight";
				LD_RUNPATH_SEARCH_PATHS = (
					"$(inherited)",
					"@executable_path/Frameworks",
				);
				MARKETING_VERSION = 1.0;
				PRODUCT_BUNDLE_IDENTIFIER = me.yeojoy.ios.TwitterTutorial;
				PRODUCT_NAME = "$(TARGET_NAME)";
				SWIFT_EMIT_LOC_STRINGS = YES;
				SWIFT_VERSION = 5.0;
				TARGETED_DEVICE_FAMILY = "1,2";
			};
			name = Release;
		};
/* End XCBuildConfiguration section */

/* Begin XCConfigurationList section */
		F465129428E3C78100E1A510 /* Build configuration list for PBXProject "TwitterTutorial" */ = {
			isa = XCConfigurationList;
			buildConfigurations = (
				F46512AB28E3C78200E1A510 /* Debug */,
				F46512AC28E3C78200E1A510 /* Release */,
			);
			defaultConfigurationIsVisible = 0;
			defaultConfigurationName = Debug;
		};
		F46512AD28E3C78200E1A510 /* Build configuration list for PBXNativeTarget "TwitterTutorial" */ = {
			isa = XCConfigurationList;
			buildConfigurations = (
				F46512AE28E3C78200E1A510 /* Debug */,
				F46512AF28E3C78200E1A510 /* Release */,
			);
			defaultConfigurationIsVisible = 0;
			defaultConfigurationName = Debug;
		};
/* End XCConfigurationList section */
	};
	rootObject = F465129128E3C78100E1A510 /* Project object */;
}
